
Microsoft Visual Studio Solution File, Format Version 12.00
# Visual Studio 14
VisualStudioVersion = 14.0.25420.1
MinimumVisualStudioVersion = 10.0.40219.1
Project("{FAE04EC0-301F-11D3-BF4B-00C04F79EFBC}") = "Sir Galio Revamped", "Sir Galio Revamped\Sir Galio Revamped.csproj", "{BCF5AFA2-3283-42F0-B8FE-7D51F4A8799F}"
EndProject
Global
	GlobalSection(SolutionConfigurationPlatforms) = preSolution
		Debug|Any CPU = Debug|Any CPU
		Release|Any CPU = Release|Any CPU
	EndGlobalSection
	GlobalSection(ProjectConfigurationPlatforms) = postSolution
		{BCF5AFA2-3283-42F0-B8FE-7D51F4A8799F}.Debug|Any CPU.ActiveCfg = Debug|Any CPU
		{BCF5AFA2-3283-42F0-B8FE-7D51F4A8799F}.Debug|Any CPU.Build.0 = Debug|Any CPU
		{BCF5AFA2-3283-42F0-B8FE-7D51F4A8799F}.Release|Any CPU.ActiveCfg = Release|Any CPU
		{BCF5AFA2-3283-42F0-B8FE-7D51F4A8799F}.Release|Any CPU.Build.0 = Release|Any CPU
	EndGlobalSection
	GlobalSection(SolutionProperties) = preSolution
		HideSolutionNode = FALSE
	EndGlobalSection
EndGlobal
