
Microsoft Visual Studio Solution File, Format Version 12.00
# Visual Studio 14
VisualStudioVersion = 14.0.25420.1
MinimumVisualStudioVersion = 10.0.40219.1
Project("{FAE04EC0-301F-11D3-BF4B-00C04F79EFBC}") = "Rank1Xerath", "Rank1Xerath\Rank1Xerath.csproj", "{306E098A-B70C-4553-87C4-32E2ACF7191D}"
EndProject
Global
	GlobalSection(SolutionConfigurationPlatforms) = preSolution
		Debug|Any CPU = Debug|Any CPU
		Release|Any CPU = Release|Any CPU
	EndGlobalSection
	GlobalSection(ProjectConfigurationPlatforms) = postSolution
		{306E098A-B70C-4553-87C4-32E2ACF7191D}.Debug|Any CPU.ActiveCfg = Debug|Any CPU
		{306E098A-B70C-4553-87C4-32E2ACF7191D}.Debug|Any CPU.Build.0 = Debug|Any CPU
		{306E098A-B70C-4553-87C4-32E2ACF7191D}.Release|Any CPU.ActiveCfg = Release|Any CPU
		{306E098A-B70C-4553-87C4-32E2ACF7191D}.Release|Any CPU.Build.0 = Release|Any CPU
	EndGlobalSection
	GlobalSection(SolutionProperties) = preSolution
		HideSolutionNode = FALSE
	EndGlobalSection
EndGlobal
